Microsoft Visual Studio Solution File, Format Version 12.00
# Visual Studio Version 18
VisualStudioVersion = 18.7.11911.148 stable
MinimumVisualStudioVersion = 10.0.40219.1
Project("{FAE04EC0-301F-11D3-BF4B-00C04F79EFBC}") = "CSharpObjectOrientedProgramming", "CSharpObjectOrientedProgramming.csproj", "{EA711A7B-7FD3-5270-5250-FE2C50F3DCEB}"
EndProject
Global
	GlobalSection(SolutionConfigurationPlatforms) = preSolution
		Debug|Any CPU = Debug|Any CPU
		Release|Any CPU = Release|Any CPU
	EndGlobalSection
	GlobalSection(ProjectConfigurationPlatforms) = postSolution
		{EA711A7B-7FD3-5270-5250-FE2C50F3DCEB}.Debug|Any CPU.ActiveCfg = Debug|Any CPU
		{EA711A7B-7FD3-5270-5250-FE2C50F3DCEB}.Debug|Any CPU.Build.0 = Debug|Any CPU
		{EA711A7B-7FD3-5270-5250-FE2C50F3DCEB}.Release|Any CPU.ActiveCfg = Release|Any CPU
		{EA711A7B-7FD3-5270-5250-FE2C50F3DCEB}.Release|Any CPU.Build.0 = Release|Any CPU
	EndGlobalSection
	GlobalSection(SolutionProperties) = preSolution
		HideSolutionNode = FALSE
	EndGlobalSection
	GlobalSection(ExtensibilityGlobals) = postSolution
		SolutionGuid = {1FC779C3-3B95-48DE-9AE5-86A00B09773D}
	EndGlobalSection
EndGlobal
